Microsoft Visual Studio Solution File, Format Version 12.00
# Visual Studio Version 17
VisualStudioVersion = 17.5.2.0
MinimumVisualStudioVersion = 10.0.40219.1
Project("{FAE04EC0-301F-11D3-BF4B-00C04F79EFBC}") = "exercicio-2", "exercicio-2.csproj", "{BAF53FB4-027D-CDDB-C930-2CEF70BA24F5}"
EndProject
Global
	GlobalSection(SolutionConfigurationPlatforms) = preSolution
		Debug|Any CPU = Debug|Any CPU
		Release|Any CPU = Release|Any CPU
	EndGlobalSection
	GlobalSection(ProjectConfigurationPlatforms) = postSolution
		{BAF53FB4-027D-CDDB-C930-2CEF70BA24F5}.Debug|Any CPU.ActiveCfg = Debug|Any CPU
		{BAF53FB4-027D-CDDB-C930-2CEF70BA24F5}.Debug|Any CPU.Build.0 = Debug|Any CPU
		{BAF53FB4-027D-CDDB-C930-2CEF70BA24F5}.Release|Any CPU.ActiveCfg = Release|Any CPU
		{BAF53FB4-027D-CDDB-C930-2CEF70BA24F5}.Release|Any CPU.Build.0 = Release|Any CPU
	EndGlobalSection
	GlobalSection(SolutionProperties) = preSolution
		HideSolutionNode = FALSE
	EndGlobalSection
	GlobalSection(ExtensibilityGlobals) = postSolution
		SolutionGuid = {3C4807D0-2663-4C98-811C-1C25365FE99E}
	EndGlobalSection
EndGlobal
