Microsoft Visual Studio Solution File, Format Version 12.00
# Visual Studio Version 17
VisualStudioVersion = 17.5.2.0
MinimumVisualStudioVersion = 10.0.40219.1
Project("{FAE04EC0-301F-11D3-BF4B-00C04F79EFBC}") = "exercicio-10", "exercicio-10.csproj", "{03D08DAC-D460-68CF-F651-BF2C48DCE022}"
EndProject
Global
	GlobalSection(SolutionConfigurationPlatforms) = preSolution
		Debug|Any CPU = Debug|Any CPU
		Release|Any CPU = Release|Any CPU
	EndGlobalSection
	GlobalSection(ProjectConfigurationPlatforms) = postSolution
		{03D08DAC-D460-68CF-F651-BF2C48DCE022}.Debug|Any CPU.ActiveCfg = Debug|Any CPU
		{03D08DAC-D460-68CF-F651-BF2C48DCE022}.Debug|Any CPU.Build.0 = Debug|Any CPU
		{03D08DAC-D460-68CF-F651-BF2C48DCE022}.Release|Any CPU.ActiveCfg = Release|Any CPU
		{03D08DAC-D460-68CF-F651-BF2C48DCE022}.Release|Any CPU.Build.0 = Release|Any CPU
	EndGlobalSection
	GlobalSection(SolutionProperties) = preSolution
		HideSolutionNode = FALSE
	EndGlobalSection
	GlobalSection(ExtensibilityGlobals) = postSolution
		SolutionGuid = {4CFE1B58-9F7B-4CE2-961B-C7B0514EEAA6}
	EndGlobalSection
EndGlobal
