Microsoft Visual Studio Solution File, Format Version 12.00
# Visual Studio Version 17
VisualStudioVersion = 17.5.2.0
MinimumVisualStudioVersion = 10.0.40219.1
Project("{FAE04EC0-301F-11D3-BF4B-00C04F79EFBC}") = "exercicio-3", "exercicio-3.csproj", "{EF08DFB7-572F-F335-227B-64EE66EBD388}"
EndProject
Global
	GlobalSection(SolutionConfigurationPlatforms) = preSolution
		Debug|Any CPU = Debug|Any CPU
		Release|Any CPU = Release|Any CPU
	EndGlobalSection
	GlobalSection(ProjectConfigurationPlatforms) = postSolution
		{EF08DFB7-572F-F335-227B-64EE66EBD388}.Debug|Any CPU.ActiveCfg = Debug|Any CPU
		{EF08DFB7-572F-F335-227B-64EE66EBD388}.Debug|Any CPU.Build.0 = Debug|Any CPU
		{EF08DFB7-572F-F335-227B-64EE66EBD388}.Release|Any CPU.ActiveCfg = Release|Any CPU
		{EF08DFB7-572F-F335-227B-64EE66EBD388}.Release|Any CPU.Build.0 = Release|Any CPU
	EndGlobalSection
	GlobalSection(SolutionProperties) = preSolution
		HideSolutionNode = FALSE
	EndGlobalSection
	GlobalSection(ExtensibilityGlobals) = postSolution
		SolutionGuid = {082912A6-55AB-4F22-9EE5-93F52322BF09}
	EndGlobalSection
EndGlobal
